
Microsoft Visual Studio Solution File, Format Version 12.00
# Visual Studio Version 16
VisualStudioVersion = 16.0.29521.150
MinimumVisualStudioVersion = 10.0.40219.1
Project("{9A19103F-16F7-4668-BE54-9A1E7A4F7556}") = "PoeLogThing", "PoeLogThing.csproj", "{243DDCA4-2DBC-4ED9-8428-7D2043180787}"
EndProject
Global
	GlobalSection(SolutionConfigurationPlatforms) = preSolution
		Debug|Any CPU = Debug|Any CPU
		Release|Any CPU = Release|Any CPU
	EndGlobalSection
	GlobalSection(ProjectConfigurationPlatforms) = postSolution
		{243DDCA4-2DBC-4ED9-8428-7D2043180787}.Debug|Any CPU.ActiveCfg = Debug|Any CPU
		{243DDCA4-2DBC-4ED9-8428-7D2043180787}.Debug|Any CPU.Build.0 = Debug|Any CPU
		{243DDCA4-2DBC-4ED9-8428-7D2043180787}.Release|Any CPU.ActiveCfg = Release|Any CPU
		{243DDCA4-2DBC-4ED9-8428-7D2043180787}.Release|Any CPU.Build.0 = Release|Any CPU
	EndGlobalSection
	GlobalSection(SolutionProperties) = preSolution
		HideSolutionNode = FALSE
	EndGlobalSection
	GlobalSection(ExtensibilityGlobals) = postSolution
		SolutionGuid = {F777C937-78EB-48A2-BB28-93D90E6DDDAB}
	EndGlobalSection
EndGlobal
